
Microsoft Visual Studio Solution File, Format Version 12.00
# Visual Studio Version 17
VisualStudioVersion = 17.9.34723.18
MinimumVisualStudioVersion = 10.0.40219.1
Project("{2150E333-8FDC-42A3-9474-1A3956D46DE8}") = "BaseDeDatos", "BaseDeDatos", "{326F2EF9-E98F-47F8-B3A6-1ECEC41D52FE}"
EndProject
Project("{FAE04EC0-301F-11D3-BF4B-00C04F79EFBC}") = "BlockBuster.manager", "BlockBuster.manager\BlockBuster.manager.csproj", "{C80582FF-3814-4EC9-84CA-D2A0105DEC7A}"
EndProject
Project("{FAE04EC0-301F-11D3-BF4B-00C04F79EFBC}") = "Blockbuster.web", "Blockbuster.web\Blockbuster.web.csproj", "{4A974518-D55B-4B92-AB94-AB01393EC5BE}"
EndProject
Global
	GlobalSection(SolutionConfigurationPlatforms) = preSolution
		Debug|Any CPU = Debug|Any CPU
		Release|Any CPU = Release|Any CPU
	EndGlobalSection
	GlobalSection(ProjectConfigurationPlatforms) = postSolution
		{C80582FF-3814-4EC9-84CA-D2A0105DEC7A}.Debug|Any CPU.ActiveCfg = Debug|Any CPU
		{C80582FF-3814-4EC9-84CA-D2A0105DEC7A}.Debug|Any CPU.Build.0 = Debug|Any CPU
		{C80582FF-3814-4EC9-84CA-D2A0105DEC7A}.Release|Any CPU.ActiveCfg = Release|Any CPU
		{C80582FF-3814-4EC9-84CA-D2A0105DEC7A}.Release|Any CPU.Build.0 = Release|Any CPU
		{4A974518-D55B-4B92-AB94-AB01393EC5BE}.Debug|Any CPU.ActiveCfg = Debug|Any CPU
		{4A974518-D55B-4B92-AB94-AB01393EC5BE}.Debug|Any CPU.Build.0 = Debug|Any CPU
		{4A974518-D55B-4B92-AB94-AB01393EC5BE}.Release|Any CPU.ActiveCfg = Release|Any CPU
		{4A974518-D55B-4B92-AB94-AB01393EC5BE}.Release|Any CPU.Build.0 = Release|Any CPU
	EndGlobalSection
	GlobalSection(SolutionProperties) = preSolution
		HideSolutionNode = FALSE
	EndGlobalSection
	GlobalSection(ExtensibilityGlobals) = postSolution
		SolutionGuid = {19A97FAC-B257-425A-9167-C9BA0F66D525}
	EndGlobalSection
EndGlobal
